
Microsoft Visual Studio Solution File, Format Version 12.00
# Visual Studio Version 16
VisualStudioVersion = 16.0.30128.74
MinimumVisualStudioVersion = 10.0.40219.1
Project("{9A19103F-16F7-4668-BE54-9A1E7A4F7556}") = "Databases2", "Databases2\Databases2.csproj", "{90170FC8-D28D-41BE-9281-5D36A87EF6A2}"
EndProject
Global
	GlobalSection(SolutionConfigurationPlatforms) = preSolution
		Debug|Any CPU = Debug|Any CPU
		Release|Any CPU = Release|Any CPU
	EndGlobalSection
	GlobalSection(ProjectConfigurationPlatforms) = postSolution
		{90170FC8-D28D-41BE-9281-5D36A87EF6A2}.Debug|Any CPU.ActiveCfg = Debug|Any CPU
		{90170FC8-D28D-41BE-9281-5D36A87EF6A2}.Debug|Any CPU.Build.0 = Debug|Any CPU
		{90170FC8-D28D-41BE-9281-5D36A87EF6A2}.Release|Any CPU.ActiveCfg = Release|Any CPU
		{90170FC8-D28D-41BE-9281-5D36A87EF6A2}.Release|Any CPU.Build.0 = Release|Any CPU
	EndGlobalSection
	GlobalSection(SolutionProperties) = preSolution
		HideSolutionNode = FALSE
	EndGlobalSection
	GlobalSection(ExtensibilityGlobals) = postSolution
		SolutionGuid = {8CFE75C5-26BB-4404-95DD-2A4BC380D856}
	EndGlobalSection
EndGlobal
